
Microsoft Visual Studio Solution File, Format Version 12.00
# Visual Studio Version 17
VisualStudioVersion = 17.4.33213.308
MinimumVisualStudioVersion = 10.0.40219.1
Project("{FAE04EC0-301F-11D3-BF4B-00C04F79EFBC}") = "ACTIVITY 1", "ACTIVITY 1\ACTIVITY 1.csproj", "{4005386F-14A2-446C-98C7-D567FF276363}"
EndProject
Global
	GlobalSection(SolutionConfigurationPlatforms) = preSolution
		Debug|Any CPU = Debug|Any CPU
		Release|Any CPU = Release|Any CPU
	EndGlobalSection
	GlobalSection(ProjectConfigurationPlatforms) = postSolution
		{4005386F-14A2-446C-98C7-D567FF276363}.Debug|Any CPU.ActiveCfg = Debug|Any CPU
		{4005386F-14A2-446C-98C7-D567FF276363}.Debug|Any CPU.Build.0 = Debug|Any CPU
		{4005386F-14A2-446C-98C7-D567FF276363}.Release|Any CPU.ActiveCfg = Release|Any CPU
		{4005386F-14A2-446C-98C7-D567FF276363}.Release|Any CPU.Build.0 = Release|Any CPU
	EndGlobalSection
	GlobalSection(SolutionProperties) = preSolution
		HideSolutionNode = FALSE
	EndGlobalSection
	GlobalSection(ExtensibilityGlobals) = postSolution
		SolutionGuid = {F74BDB3B-9C75-407A-8F98-5DE4322BABE1}
	EndGlobalSection
EndGlobal
